
Microsoft Visual Studio Solution File, Format Version 12.00
# Visual Studio Version 16
VisualStudioVersion = 16.0.31205.134
MinimumVisualStudioVersion = 10.0.40219.1
Project("{FAE04EC0-301F-11D3-BF4B-00C04F79EFBC}") = "Laba1", "Laba1\Laba1.csproj", "{DD458240-D3F2-4D23-829D-21BC34928F7F}"
EndProject
Global
	GlobalSection(SolutionConfigurationPlatforms) = preSolution
		Debug|Any CPU = Debug|Any CPU
		Release|Any CPU = Release|Any CPU
	EndGlobalSection
	GlobalSection(ProjectConfigurationPlatforms) = postSolution
		{DD458240-D3F2-4D23-829D-21BC34928F7F}.Debug|Any CPU.ActiveCfg = Debug|Any CPU
		{DD458240-D3F2-4D23-829D-21BC34928F7F}.Debug|Any CPU.Build.0 = Debug|Any CPU
		{DD458240-D3F2-4D23-829D-21BC34928F7F}.Release|Any CPU.ActiveCfg = Release|Any CPU
		{DD458240-D3F2-4D23-829D-21BC34928F7F}.Release|Any CPU.Build.0 = Release|Any CPU
	EndGlobalSection
	GlobalSection(SolutionProperties) = preSolution
		HideSolutionNode = FALSE
	EndGlobalSection
	GlobalSection(ExtensibilityGlobals) = postSolution
		SolutionGuid = {F775020B-848C-43A8-92FA-2DFE102AA903}
	EndGlobalSection
EndGlobal
